
Microsoft Visual Studio Solution File, Format Version 12.00
# Visual Studio 15
VisualStudioVersion = 15.0.28307.757
MinimumVisualStudioVersion = 10.0.40219.1
Project("{FAE04EC0-301F-11D3-BF4B-00C04F79EFBC}") = "TherapistPortal", "TherapistPortal.csproj", "{7DD06369-B08E-46C0-B324-1CBB69444EC2}"
EndProject
Global
	GlobalSection(SolutionConfigurationPlatforms) = preSolution
		Debug|Any CPU = Debug|Any CPU
		Release|Any CPU = Release|Any CPU
	EndGlobalSection
	GlobalSection(ProjectConfigurationPlatforms) = postSolution
		{7DD06369-B08E-46C0-B324-1CBB69444EC2}.Debug|Any CPU.ActiveCfg = Debug|Any CPU
		{7DD06369-B08E-46C0-B324-1CBB69444EC2}.Debug|Any CPU.Build.0 = Debug|Any CPU
		{7DD06369-B08E-46C0-B324-1CBB69444EC2}.Release|Any CPU.ActiveCfg = Release|Any CPU
		{7DD06369-B08E-46C0-B324-1CBB69444EC2}.Release|Any CPU.Build.0 = Release|Any CPU
	EndGlobalSection
	GlobalSection(SolutionProperties) = preSolution
		HideSolutionNode = FALSE
	EndGlobalSection
	GlobalSection(ExtensibilityGlobals) = postSolution
		SolutionGuid = {F8A1D91F-D278-4C4A-9C5E-4F7BC44C1ACB}
	EndGlobalSection
EndGlobal
